lockfileVersion: '6.0'

settings:
  autoInstallPeers: true
  excludeLinksFromLockfile: false

dependencies:
  '@hono/node-server':
    specifier: ^1.2.3
    version: 1.2.3
  cassandra-driver:
    specifier: ^4.7.2
    version: 4.7.2
  hono:
    specifier: ^3.10.2
    version: 3.10.2

packages:

  /@hono/node-server@1.2.3:
    resolution: {integrity: sha512-IH2lpqgSSLt9sIhWBE6FivFj+0RglCNYVuBT39vkumfjqjHAwQnx7KJw9WDVNlyH+AJY0N5ImZgcIbfM5xgyBw==}
    engines: {node: '>=18.14.1'}
    dev: false

  /@types/long@5.0.0:
    resolution: {integrity: sha512-eQs9RsucA/LNjnMoJvWG/nXa7Pot/RbBzilF/QRIU/xRl+0ApxrSUFsV5lmf01SvSlqMzJ7Zwxe440wmz2SJGA==}
    deprecated: This is a stub types definition. long provides its own type definitions, so you do not need this installed.
    dependencies:
      long: 5.2.3
    dev: false

  /@types/node@20.10.0:
    resolution: {integrity: sha512-D0WfRmU9TQ8I9PFx9Yc+EBHw+vSpIub4IDvQivcp26PtPrdMGAq5SDcpXEo/epqa/DXotVpekHiLNTg3iaKXBQ==}
    dependencies:
      undici-types: 5.26.5
    dev: false

  /adm-zip@0.5.10:
    resolution: {integrity: sha512-x0HvcHqVJNTPk/Bw8JbLWlWoo6Wwnsug0fnYYro1HBrjxZ3G7/AZk7Ahv8JwDe1uIcz8eBqvu86FuF1POiG7vQ==}
    engines: {node: '>=6.0'}
    dev: false

  /cassandra-driver@4.7.2:
    resolution: {integrity: sha512-gwl1DeYvL8Wy3i1GDMzFtpUg5G473fU7EnHFZj7BUtdLB7loAfgZgB3zBhROc9fbaDSUDs6YwOPPojS5E1kbSA==}
    engines: {node: '>=16'}
    dependencies:
      '@types/long': 5.0.0
      '@types/node': 20.10.0
      adm-zip: 0.5.10
      long: 5.2.3
    dev: false

  /hono@3.10.2:
    resolution: {integrity: sha512-QwJLjWs3e+nZ3b5nQrrdJpYCJqiTK744jeYhX7yhZdxwcQ3KIohBfzI2dA8gSF6HEZkmFUdiKL1BelJ8utIm4w==}
    engines: {node: '>=16.0.0'}
    dev: false

  /long@5.2.3:
    resolution: {integrity: sha512-lcHwpNoggQTObv5apGNCTdJrO69eHOZMi4BNC+rTLER8iHAqGrUVeLh/irVIM7zTw2bOXA8T6uNPeujwOLg/2Q==}
    dev: false

  /undici-types@5.26.5:
    resolution: {integrity: sha512-JlCMO+ehdEIKqlFxk6IfVoAUVmgz7cU7zD/h9XZ0qzeosSHmUJVOzSQvvYSYWXkFXC+IfLKSIffhv0sVZup6pA==}
    dev: false
